
Microsoft Visual Studio Solution File, Format Version 12.00
# Visual Studio Version 16
VisualStudioVersion = 16.0.29613.14
MinimumVisualStudioVersion = 10.0.40219.1
Project("{FAE04EC0-301F-11D3-BF4B-00C04F79EFBC}") = "WPF_Rassokhin_PR3", "WPF_Rassokhin_PR3.csproj", "{48A321FC-7C86-4C2C-AEFC-E5D85D5B63D2}"
EndProject
Global
	GlobalSection(SolutionConfigurationPlatforms) = preSolution
		Debug|Any CPU = Debug|Any CPU
		Release|Any CPU = Release|Any CPU
	EndGlobalSection
	GlobalSection(ProjectConfigurationPlatforms) = postSolution
		{48A321FC-7C86-4C2C-AEFC-E5D85D5B63D2}.Debug|Any CPU.ActiveCfg = Debug|Any CPU
		{48A321FC-7C86-4C2C-AEFC-E5D85D5B63D2}.Debug|Any CPU.Build.0 = Debug|Any CPU
		{48A321FC-7C86-4C2C-AEFC-E5D85D5B63D2}.Release|Any CPU.ActiveCfg = Release|Any CPU
		{48A321FC-7C86-4C2C-AEFC-E5D85D5B63D2}.Release|Any CPU.Build.0 = Release|Any CPU
	EndGlobalSection
	GlobalSection(SolutionProperties) = preSolution
		HideSolutionNode = FALSE
	EndGlobalSection
	GlobalSection(ExtensibilityGlobals) = postSolution
		SolutionGuid = {FF8BFF31-8921-4162-A879-805357E092EB}
	EndGlobalSection
EndGlobal
